github.com/gogo/protobuf v1.2.0 h1:xU6/SpYbvkNYiptHJYEDRseDLvYE7wSqhYYNy0QSUzI=
github.com/gogo/protobuf v1.2.0/go.mod h1:r8qH/GZQm5c6nD/R0oafs1akxWv10x8SbQlK7atdtwQ=
github.com/golang/protobuf v1.2.0 h1:P3YflyNX/ehuJFLhxviNdFxQPkGK5cDcApsge1SqnvM=
github.com/golang/protobuf v1.2.0/go.mod h1:6lQm79b+lXiMfvg/cZm0SGofjICqVBUtrP5yJMmIC1U=
github.com/rs/zerolog v1.11.0/go.mod h1:YbFCdg8HfsridGWAh22vktObvhZbQsZXe4/zB0OKkWU=
github.com/tensorflow/tensorflow v1.12.0 h1:fT4okrN4BkpgotWmDwS56wM6BdkRpTL0lLMzvkM+bLo=
github.com/tensorflow/tensorflow v1.12.0/go.mod h1:itOSERT4trABok4UOoG+X4BoKds9F3rIsySdn+Lvu90=
github.com/tensortask/tfprotos v0.0.0-20181108230824-bd85bd34c8c6 h1:JGhG3A7Ex1m+wMbKp99Nc4Bq8t5MV6zWkGp2zoBKtJs=
github.com/tensortask/tfprotos v0.0.0-20181108230824-bd85bd34c8c6/go.mod h1:osQLzA379MX16KhDzoJO8TEEsOBWY3o23czYxSktrMU=
github.com/tensortask/ttp v0.2.0 h1:v3aZgXtHMHcS8oC2mlMuFNlcc8Yo5NNUb+Awxxn3uvg=
github.com/tensortask/ttp v0.2.0/go.mod h1:11Jx17ZNMkxSvHuphQjZFIbbZpTKc4m188qzXfmlGIc=
golang.org/x/sync v0.0.0-20181221193216-37e7f081c4d4 h1:YUO/7uOKsKeq9UokNS62b8FYywz3ker1l1vDZRCRefw=
golang.org/x/sync v0.0.0-20181221193216-37e7f081c4d4/go.mod h1:RxMgew5VJxzue5/jJTE5uejpjVlOe/izrB70Jof72aM=
